{
  "name": "002-create-cli",
  "version": "1.0.0",
  "lockfileVersion": 3,
  "requires": true,
  "packages": {
    "": {
      "name": "002-create-cli",
      "version": "1.0.0",
      "license": "ISC",
      "bin": {
        "basic-cli": "dist/basicCli.js"
      },
      "devDependencies": {
        "@types/node": "^22.15.30",
        "@typescript/native-preview": "^7.0.0-dev.20250607.1",
        "typescript": "^5.8.3"
      }
    },
    "node_modules/@types/node": {
      "version": "22.15.30",
      "resolved": "https://registry.npmjs.org/@types/node/-/node-22.15.30.tgz",
      "integrity": "sha512-6Q7lr06bEHdlfplU6YRbgG1SFBdlsfNC4/lX+SkhiTs0cpJkOElmWls8PxDFv4yY/xKb8Y6SO0OmSX4wgqTZbA==",
      "dev": true,
      "license": "MIT",
      "dependencies": {
        "undici-types": "~6.21.0"
      }
    },
    "node_modules/@typescript/native-preview": {
      "version": "7.0.0-dev.20250607.1",
      "resolved": "https://registry.npmjs.org/@typescript/native-preview/-/native-preview-7.0.0-dev.20250607.1.tgz",
      "integrity": "sha512-bsuApqSBq86rh2RC9VW0TOzskKwUckV8hLbDQRRuwpcEb3J2XbhryTfspQIjhpFDfjSk0vEgvhGA/BINvdKl0Q==",
      "dev": true,
      "license": "Apache-2.0",
      "bin": {
        "tsgo": "bin/tsgo.js"
      },
      "engines": {
        "node": ">=20.6.0"
      },
      "optionalDependencies": {
        "@typescript/native-preview-darwin-arm64": "7.0.0-dev.20250607.1",
        "@typescript/native-preview-darwin-x64": "7.0.0-dev.20250607.1",
        "@typescript/native-preview-linux-arm": "7.0.0-dev.20250607.1",
        "@typescript/native-preview-linux-arm64": "7.0.0-dev.20250607.1",
        "@typescript/native-preview-linux-x64": "7.0.0-dev.20250607.1",
        "@typescript/native-preview-win32-arm64": "7.0.0-dev.20250607.1",
        "@typescript/native-preview-win32-x64": "7.0.0-dev.20250607.1"
      }
    },
    "node_modules/@typescript/native-preview-darwin-arm64": {
      "version": "7.0.0-dev.20250607.1",
      "resolved": "https://registry.npmjs.org/@typescript/native-preview-darwin-arm64/-/native-preview-darwin-arm64-7.0.0-dev.20250607.1.tgz",
      "integrity": "sha512-i1tpSz6aajOdudeZ46OqLMw4L/tmgVpoGaTrVC8rVQNf4+npFzvdLJcBECVqZONEEEcg+iJgTwchRjRu0QlWOg==",
      "cpu": [
        "arm64"
      ],
      "dev": true,
      "license": "Apache-2.0",
      "optional": true,
      "os": [
        "darwin"
      ],
      "engines": {
        "node": ">=20.6.0"
      }
    },
    "node_modules/@typescript/native-preview-darwin-x64": {
      "version": "7.0.0-dev.20250607.1",
      "resolved": "https://registry.npmjs.org/@typescript/native-preview-darwin-x64/-/native-preview-darwin-x64-7.0.0-dev.20250607.1.tgz",
      "integrity": "sha512-1uDL8uOiHtIHU3swngGnS7k5WD+jplhnkFoa0WrdIkYmOsm+85r/cD4HIcrdHdAL2U3db7Un984NsMyI70RlSA==",
      "cpu": [
        "x64"
      ],
      "dev": true,
      "license": "Apache-2.0",
      "optional": true,
      "os": [
        "darwin"
      ],
      "engines": {
        "node": ">=20.6.0"
      }
    },
    "node_modules/@typescript/native-preview-linux-arm": {
      "version": "7.0.0-dev.20250607.1",
      "resolved": "https://registry.npmjs.org/@typescript/native-preview-linux-arm/-/native-preview-linux-arm-7.0.0-dev.20250607.1.tgz",
      "integrity": "sha512-xuBtCpd+E2kh7jxrNzX14N4aL4kAGQXWfOPJlUHBueX1PI9BwKrfuDxahbjoutrK5m45Dwm3roiDFOiIkJjoIQ==",
      "cpu": [
        "arm"
      ],
      "dev": true,
      "license": "Apache-2.0",
      "optional": true,
      "os": [
        "linux"
      ],
      "engines": {
        "node": ">=20.6.0"
      }
    },
    "node_modules/@typescript/native-preview-linux-arm64": {
      "version": "7.0.0-dev.20250607.1",
      "resolved": "https://registry.npmjs.org/@typescript/native-preview-linux-arm64/-/native-preview-linux-arm64-7.0.0-dev.20250607.1.tgz",
      "integrity": "sha512-wIodgimMxbSSOJ/E/DLd7tDY66gLQz87c0BA5G30x92GI8IK58OvIv77mN+v3zUYp4nVlRqr8hozXBWWunqs8g==",
      "cpu": [
        "arm64"
      ],
      "dev": true,
      "license": "Apache-2.0",
      "optional": true,
      "os": [
        "linux"
      ],
      "engines": {
        "node": ">=20.6.0"
      }
    },
    "node_modules/@typescript/native-preview-linux-x64": {
      "version": "7.0.0-dev.20250607.1",
      "resolved": "https://registry.npmjs.org/@typescript/native-preview-linux-x64/-/native-preview-linux-x64-7.0.0-dev.20250607.1.tgz",
      "integrity": "sha512-hsKjPTDGn95w7yC5JshWzyoXNSbSg4pPfoFBnHfBwHlgUO0Mf+PQaFBq9trEkgAgnH725PxH18QWKJrlwtXP2A==",
      "cpu": [
        "x64"
      ],
      "dev": true,
      "license": "Apache-2.0",
      "optional": true,
      "os": [
        "linux"
      ],
      "engines": {
        "node": ">=20.6.0"
      }
    },
    "node_modules/@typescript/native-preview-win32-arm64": {
      "version": "7.0.0-dev.20250607.1",
      "resolved": "https://registry.npmjs.org/@typescript/native-preview-win32-arm64/-/native-preview-win32-arm64-7.0.0-dev.20250607.1.tgz",
      "integrity": "sha512-v4DMFli8v2c2NKbnscaik2aWamL8Q+OOeLQ3a5kZz80EUUkoop27YhNLEsVJccGtoqeyWjPaJdHGZhj2XfDQAg==",
      "cpu": [
        "arm64"
      ],
      "dev": true,
      "license": "Apache-2.0",
      "optional": true,
      "os": [
        "win32"
      ],
      "engines": {
        "node": ">=20.6.0"
      }
    },
    "node_modules/@typescript/native-preview-win32-x64": {
      "version": "7.0.0-dev.20250607.1",
      "resolved": "https://registry.npmjs.org/@typescript/native-preview-win32-x64/-/native-preview-win32-x64-7.0.0-dev.20250607.1.tgz",
      "integrity": "sha512-RmUTenoe+6wotEYoM9ycICVBLt9lqTpzvco5rLs6lynOrOgYoEmCoj+oX17kKk8/009NMXQ3CNxkz1du1C16ug==",
      "cpu": [
        "x64"
      ],
      "dev": true,
      "license": "Apache-2.0",
      "optional": true,
      "os": [
        "win32"
      ],
      "engines": {
        "node": ">=20.6.0"
      }
    },
    "node_modules/typescript": {
      "version": "5.8.3",
      "resolved": "https://registry.npmjs.org/typescript/-/typescript-5.8.3.tgz",
      "integrity": "sha512-p1diW6TqL9L07nNxvRMM7hMMw4c5XOo/1ibL4aAIGmSAt9slTE1Xgw5KWuof2uTOvCg9BY7ZRi+GaF+7sfgPeQ==",
      "dev": true,
      "license": "Apache-2.0",
      "bin": {
        "tsc": "bin/tsc",
        "tsserver": "bin/tsserver"
      },
      "engines": {
        "node": ">=14.17"
      }
    },
    "node_modules/undici-types": {
      "version": "6.21.0",
      "resolved": "https://registry.npmjs.org/undici-types/-/undici-types-6.21.0.tgz",
      "integrity": "sha512-iwDZqg0QAGrg9Rav5H4n0M64c3mkR59cJ6wQp+7C4nI0gsmExaedaYLNO44eT4AtBBwjbTiGPMlt2Md0T9H9JQ==",
      "dev": true,
      "license": "MIT"
    }
  }
}
